PODS:
  - Shakuro.BroadcastAsyncStream (1.0.1)
  - SwiftLint (0.57.1)

DEPENDENCIES:
  - Shakuro.BroadcastAsyncStream (= 1.0.1)
  - SwiftLint (= 0.57.1)

SPEC REPOS:
  https://github.com/CocoaPods/Specs.git:
    - Shakuro.BroadcastAsyncStream
    - SwiftLint

SPEC CHECKSUMS:
  Shakuro.BroadcastAsyncStream: a92dc6e5a3b81f6215c569ff38381e469f69b824
  SwiftLint: 92196976e597b9afec5dbe374810103e6c1d9d7c

PODFILE CHECKSUM: 18acdf5cf8d2572c249b568c96098ec64101bf8f

COCOAPODS: 1.16.2
