// !$*UTF8*$!
{
	archiveVersion = 1;
	classes = {
	};
	objectVersion = 55;
	objects = {

/* Begin PBXBuildFile section */
		17AC9F0128AA6BFC00DF8A2B /* AppDelegate.swift in Sources */ = {isa = PBXBuildFile; fileRef = 17AC9F0028AA6BFC00DF8A2B /* AppDelegate.swift */; };
		17AC9F0828AA6BFC00DF8A2B /* Main.storyboard in Resources */ = {isa = PBXBuildFile; fileRef = 17AC9F0628AA6BFC00DF8A2B /* Main.storyboard */; };
		17AC9F0A28AA6BFE00DF8A2B /* Assets.xcassets in Resources */ = {isa = PBXBuildFile; fileRef = 17AC9F0928AA6BFE00DF8A2B /* Assets.xcassets */; };
		17AC9F0D28AA6BFE00DF8A2B /* LaunchScreen.storyboard in Resources */ = {isa = PBXBuildFile; fileRef = 17AC9F0B28AA6BFE00DF8A2B /* LaunchScreen.storyboard */; };
		17AC9F1528AA6C7700DF8A2B /* Settings_Framework.framework in Frameworks */ = {isa = PBXBuildFile; fileRef = 17AC9F1428AA6C7700DF8A2B /* Settings_Framework.framework */; };
		17AC9F1628AA6C7700DF8A2B /* Settings_Framework.framework in Embed Frameworks */ = {isa = PBXBuildFile; fileRef = 17AC9F1428AA6C7700DF8A2B /* Settings_Framework.framework */; settings = {ATTRIBUTES = (CodeSignOnCopy, RemoveHeadersOnCopy, ); }; };
		17AC9F1928AA6D0700DF8A2B /* ExampleSettingsViewController.swift in Sources */ = {isa = PBXBuildFile; fileRef = 17AC9F1828AA6D0700DF8A2B /* ExampleSettingsViewController.swift */; };
		696C5CBBFA9D0AA95838F15C /* Pods_Settings_Example.framework in Frameworks */ = {isa = PBXBuildFile; fileRef = C3B1496512051B6252DB7D93 /* Pods_Settings_Example.framework */; };
/* End PBXBuildFile section */

/* Begin PBXCopyFilesBuildPhase section */
		17AC9F1728AA6C7800DF8A2B /* Embed Frameworks */ = {
			isa = PBXCopyFilesBuildPhase;
			buildActionMask = 2147483647;
			dstPath = "";
			dstSubfolderSpec = 10;
			files = (
				17AC9F1628AA6C7700DF8A2B /* Settings_Framework.framework in Embed Frameworks */,
			);
			name = "Embed Frameworks";
			runOnlyForDeploymentPostprocessing = 0;
		};
/* End PBXCopyFilesBuildPhase section */

/* Begin PBXFileReference section */
		17AC9EFD28AA6BFC00DF8A2B /* Settings_Example.app */ = {isa = PBXFileReference; explicitFileType = wrapper.application; includeInIndex = 0; path = Settings_Example.app; sourceTree = BUILT_PRODUCTS_DIR; };
		17AC9F0028AA6BFC00DF8A2B /* AppDelegate.swift */ = {isa = PBXFileReference; lastKnownFileType = sourcecode.swift; path = AppDelegate.swift; sourceTree = "<group>"; };
		17AC9F0728AA6BFC00DF8A2B /* Base */ = {isa = PBXFileReference; lastKnownFileType = file.storyboard; name = Base; path = Base.lproj/Main.storyboard; sourceTree = "<group>"; };
		17AC9F0928AA6BFE00DF8A2B /* Assets.xcassets */ = {isa = PBXFileReference; lastKnownFileType = folder.assetcatalog; path = Assets.xcassets; sourceTree = "<group>"; };
		17AC9F0C28AA6BFE00DF8A2B /* Base */ = {isa = PBXFileReference; lastKnownFileType = file.storyboard; name = Base; path = Base.lproj/LaunchScreen.storyboard; sourceTree = "<group>"; };
		17AC9F0E28AA6BFE00DF8A2B /* Info.plist */ = {isa = PBXFileReference; lastKnownFileType = text.plist.xml; path = Info.plist; sourceTree = "<group>"; };
		17AC9F1428AA6C7700DF8A2B /* Settings_Framework.framework */ = {isa = PBXFileReference; explicitFileType = wrapper.framework; path = Settings_Framework.framework; sourceTree = BUILT_PRODUCTS_DIR; };
		17AC9F1828AA6D0700DF8A2B /* ExampleSettingsViewController.swift */ = {isa = PBXFileReference; fileEncoding = 4; lastKnownFileType = sourcecode.swift; path = ExampleSettingsViewController.swift; sourceTree = "<group>"; };
		29019CEFE6AFAB3689D69245 /* Pods-Settings_Example.release.xcconfig */ = {isa = PBXFileReference; includeInIndex = 1; lastKnownFileType = text.xcconfig; name = "Pods-Settings_Example.release.xcconfig"; path = "Target Support Files/Pods-Settings_Example/Pods-Settings_Example.release.xcconfig"; sourceTree = "<group>"; };
		896D900A605E8F7678378298 /* Pods-Settings_Example.debug.xcconfig */ = {isa = PBXFileReference; includeInIndex = 1; lastKnownFileType = text.xcconfig; name = "Pods-Settings_Example.debug.xcconfig"; path = "Target Support Files/Pods-Settings_Example/Pods-Settings_Example.debug.xcconfig"; sourceTree = "<group>"; };
		C3B1496512051B6252DB7D93 /* Pods_Settings_Example.framework */ = {isa = PBXFileReference; explicitFileType = wrapper.framework; includeInIndex = 0; path = Pods_Settings_Example.framework; sourceTree = BUILT_PRODUCTS_DIR; };
/* End PBXFileReference section */

/* Begin PBXFrameworksBuildPhase section */
		17AC9EFA28AA6BFC00DF8A2B /* Frameworks */ = {
			isa = PBXFrameworksBuildPhase;
			buildActionMask = 2147483647;
			files = (
				17AC9F1528AA6C7700DF8A2B /* Settings_Framework.framework in Frameworks */,
				696C5CBBFA9D0AA95838F15C /* Pods_Settings_Example.framework in Frameworks */,
			);
			runOnlyForDeploymentPostprocessing = 0;
		};
/* End PBXFrameworksBuildPhase section */

/* Begin PBXGroup section */
		17AC9EF428AA6BFC00DF8A2B = {
			isa = PBXGroup;
			children = (
				17AC9EFF28AA6BFC00DF8A2B /* Settings_Example */,
				17AC9EFE28AA6BFC00DF8A2B /* Products */,
				3F7D62E3BD1DAF6BD85E8B94 /* Pods */,
				E4933378DE4807A824B1E89A /* Frameworks */,
			);
			sourceTree = "<group>";
		};
		17AC9EFE28AA6BFC00DF8A2B /* Products */ = {
			isa = PBXGroup;
			children = (
				17AC9EFD28AA6BFC00DF8A2B /* Settings_Example.app */,
			);
			name = Products;
			sourceTree = "<group>";
		};
		17AC9EFF28AA6BFC00DF8A2B /* Settings_Example */ = {
			isa = PBXGroup;
			children = (
				17AC9F0028AA6BFC00DF8A2B /* AppDelegate.swift */,
				6B9CC1A728D85C1300DE744A /* UI */,
				6B9CC1A628D85C0000DE744A /* Resources */,
			);
			path = Settings_Example;
			sourceTree = "<group>";
		};
		3F7D62E3BD1DAF6BD85E8B94 /* Pods */ = {
			isa = PBXGroup;
			children = (
				896D900A605E8F7678378298 /* Pods-Settings_Example.debug.xcconfig */,
				29019CEFE6AFAB3689D69245 /* Pods-Settings_Example.release.xcconfig */,
			);
			path = Pods;
			sourceTree = "<group>";
		};
		6B9CC1A628D85C0000DE744A /* Resources */ = {
			isa = PBXGroup;
			children = (
				17AC9F0E28AA6BFE00DF8A2B /* Info.plist */,
				17AC9F0928AA6BFE00DF8A2B /* Assets.xcassets */,
				17AC9F0B28AA6BFE00DF8A2B /* LaunchScreen.storyboard */,
				17AC9F0628AA6BFC00DF8A2B /* Main.storyboard */,
			);
			path = Resources;
			sourceTree = "<group>";
		};
		6B9CC1A728D85C1300DE744A /* UI */ = {
			isa = PBXGroup;
			children = (
				17AC9F1828AA6D0700DF8A2B /* ExampleSettingsViewController.swift */,
			);
			path = UI;
			sourceTree = "<group>";
		};
		E4933378DE4807A824B1E89A /* Frameworks */ = {
			isa = PBXGroup;
			children = (
				17AC9F1428AA6C7700DF8A2B /* Settings_Framework.framework */,
				C3B1496512051B6252DB7D93 /* Pods_Settings_Example.framework */,
			);
			name = Frameworks;
			sourceTree = "<group>";
		};
/* End PBXGroup section */

/* Begin PBXNativeTarget section */
		17AC9EFC28AA6BFC00DF8A2B /* Settings_Example */ = {
			isa = PBXNativeTarget;
			buildConfigurationList = 17AC9F1128AA6BFE00DF8A2B /* Build configuration list for PBXNativeTarget "Settings_Example" */;
			buildPhases = (
				8EA069C716C690C1CD19B9BF /* [CP] Check Pods Manifest.lock */,
				17AC9F1A28AA6E0800DF8A2B /* Swiftlint */,
				17AC9EF928AA6BFC00DF8A2B /* Sources */,
				17AC9EFA28AA6BFC00DF8A2B /* Frameworks */,
				17AC9EFB28AA6BFC00DF8A2B /* Resources */,
				17AC9F1728AA6C7800DF8A2B /* Embed Frameworks */,
				9029C08FFD33CCCE70D99061 /* [CP] Embed Pods Frameworks */,
			);
			buildRules = (
			);
			dependencies = (
			);
			name = Settings_Example;
			productName = Settings_Example;
			productReference = 17AC9EFD28AA6BFC00DF8A2B /* Settings_Example.app */;
			productType = "com.apple.product-type.application";
		};
/* End PBXNativeTarget section */

/* Begin PBXProject section */
		17AC9EF528AA6BFC00DF8A2B /* Project object */ = {
			isa = PBXProject;
			attributes = {
				BuildIndependentTargetsInParallel = 1;
				LastSwiftUpdateCheck = 1330;
				LastUpgradeCheck = 1330;
				TargetAttributes = {
					17AC9EFC28AA6BFC00DF8A2B = {
						CreatedOnToolsVersion = 13.3.1;
					};
				};
			};
			buildConfigurationList = 17AC9EF828AA6BFC00DF8A2B /* Build configuration list for PBXProject "Settings_Example" */;
			compatibilityVersion = "Xcode 13.0";
			developmentRegion = en;
			hasScannedForEncodings = 0;
			knownRegions = (
				en,
				Base,
			);
			mainGroup = 17AC9EF428AA6BFC00DF8A2B;
			productRefGroup = 17AC9EFE28AA6BFC00DF8A2B /* Products */;
			projectDirPath = "";
			projectRoot = "";
			targets = (
				17AC9EFC28AA6BFC00DF8A2B /* Settings_Example */,
			);
		};
/* End PBXProject section */

/* Begin PBXResourcesBuildPhase section */
		17AC9EFB28AA6BFC00DF8A2B /* Resources */ = {
			isa = PBXResourcesBuildPhase;
			buildActionMask = 2147483647;
			files = (
				17AC9F0D28AA6BFE00DF8A2B /* LaunchScreen.storyboard in Resources */,
				17AC9F0A28AA6BFE00DF8A2B /* Assets.xcassets in Resources */,
				17AC9F0828AA6BFC00DF8A2B /* Main.storyboard in Resources */,
			);
			runOnlyForDeploymentPostprocessing = 0;
		};
/* End PBXResourcesBuildPhase section */

/* Begin PBXShellScriptBuildPhase section */
		17AC9F1A28AA6E0800DF8A2B /* Swiftlint */ = {
			isa = PBXShellScriptBuildPhase;
			alwaysOutOfDate = 1;
			buildActionMask = 2147483647;
			files = (
			);
			inputFileListPaths = (
			);
			inputPaths = (
			);
			name = Swiftlint;
			outputFileListPaths = (
			);
			outputPaths = (
			);
			runOnlyForDeploymentPostprocessing = 0;
			shellPath = /bin/sh;
			shellScript = "#debug log\nset -x\n\n${PODS_ROOT}/SwiftLint/swiftlint\n";
		};
		8EA069C716C690C1CD19B9BF /* [CP] Check Pods Manifest.lock */ = {
			isa = PBXShellScriptBuildPhase;
			buildActionMask = 2147483647;
			files = (
			);
			inputFileListPaths = (
			);
			inputPaths = (
				"${PODS_PODFILE_DIR_PATH}/Podfile.lock",
				"${PODS_ROOT}/Manifest.lock",
			);
			name = "[CP] Check Pods Manifest.lock";
			outputFileListPaths = (
			);
			outputPaths = (
				"$(DERIVED_FILE_DIR)/Pods-Settings_Example-checkManifestLockResult.txt",
			);
			runOnlyForDeploymentPostprocessing = 0;
			shellPath = /bin/sh;
			shellScript = "diff \"${PODS_PODFILE_DIR_PATH}/Podfile.lock\" \"${PODS_ROOT}/Manifest.lock\" > /dev/null\nif [ $? != 0 ] ; then\n    # print error to STDERR\n    echo \"error: The sandbox is not in sync with the Podfile.lock. Run 'pod install' or update your CocoaPods installation.\" >&2\n    exit 1\nfi\n# This output is used by Xcode 'outputs' to avoid re-running this script phase.\necho \"SUCCESS\" > \"${SCRIPT_OUTPUT_FILE_0}\"\n";
			showEnvVarsInLog = 0;
		};
		9029C08FFD33CCCE70D99061 /* [CP] Embed Pods Frameworks */ = {
			isa = PBXShellScriptBuildPhase;
			buildActionMask = 2147483647;
			files = (
			);
			inputFileListPaths = (
				"${PODS_ROOT}/Target Support Files/Pods-Settings_Example/Pods-Settings_Example-frameworks-${CONFIGURATION}-input-files.xcfilelist",
			);
			name = "[CP] Embed Pods Frameworks";
			outputFileListPaths = (
				"${PODS_ROOT}/Target Support Files/Pods-Settings_Example/Pods-Settings_Example-frameworks-${CONFIGURATION}-output-files.xcfilelist",
			);
			runOnlyForDeploymentPostprocessing = 0;
			shellPath = /bin/sh;
			shellScript = "\"${PODS_ROOT}/Target Support Files/Pods-Settings_Example/Pods-Settings_Example-frameworks.sh\"\n";
			showEnvVarsInLog = 0;
		};
/* End PBXShellScriptBuildPhase section */

/* Begin PBXSourcesBuildPhase section */
		17AC9EF928AA6BFC00DF8A2B /* Sources */ = {
			isa = PBXSourcesBuildPhase;
			buildActionMask = 2147483647;
			files = (
				17AC9F1928AA6D0700DF8A2B /* ExampleSettingsViewController.swift in Sources */,
				17AC9F0128AA6BFC00DF8A2B /* AppDelegate.swift in Sources */,
			);
			runOnlyForDeploymentPostprocessing = 0;
		};
/* End PBXSourcesBuildPhase section */

/* Begin PBXVariantGroup section */
		17AC9F0628AA6BFC00DF8A2B /* Main.storyboard */ = {
			isa = PBXVariantGroup;
			children = (
				17AC9F0728AA6BFC00DF8A2B /* Base */,
			);
			name = Main.storyboard;
			sourceTree = "<group>";
		};
		17AC9F0B28AA6BFE00DF8A2B /* LaunchScreen.storyboard */ = {
			isa = PBXVariantGroup;
			children = (
				17AC9F0C28AA6BFE00DF8A2B /* Base */,
			);
			name = LaunchScreen.storyboard;
			sourceTree = "<group>";
		};
/* End PBXVariantGroup section */

/* Begin XCBuildConfiguration section */
		17AC9F0F28AA6BFE00DF8A2B /* Debug */ = {
			isa = XCBuildConfiguration;
			buildSettings = {
				ALWAYS_SEARCH_USER_PATHS = NO;
				CLANG_ANALYZER_NONNULL = YES;
				CLANG_ANALYZER_NUMBER_OBJECT_CONVERSION = YES_AGGRESSIVE;
				CLANG_CXX_LANGUAGE_STANDARD = "gnu++17";
				CLANG_ENABLE_MODULES = YES;
				CLANG_ENABLE_OBJC_ARC = YES;
				CLANG_ENABLE_OBJC_WEAK = YES;
				CLANG_WARN_BLOCK_CAPTURE_AUTORELEASING = YES;
				CLANG_WARN_BOOL_CONVERSION = YES;
				CLANG_WARN_COMMA = YES;
				CLANG_WARN_CONSTANT_CONVERSION = YES;
				CLANG_WARN_DEPRECATED_OBJC_IMPLEMENTATIONS = YES;
				CLANG_WARN_DIRECT_OBJC_ISA_USAGE = YES_ERROR;
				CLANG_WARN_DOCUMENTATION_COMMENTS = YES;
				CLANG_WARN_EMPTY_BODY = YES;
				CLANG_WARN_ENUM_CONVERSION = YES;
				CLANG_WARN_INFINITE_RECURSION = YES;
				CLANG_WARN_INT_CONVERSION = YES;
				CLANG_WARN_NON_LITERAL_NULL_CONVERSION = YES;
				CLANG_WARN_OBJC_IMPLICIT_RETAIN_SELF = YES;
				CLANG_WARN_OBJC_LITERAL_CONVERSION = YES;
				CLANG_WARN_OBJC_ROOT_CLASS = YES_ERROR;
				CLANG_WARN_QUOTED_INCLUDE_IN_FRAMEWORK_HEADER = YES;
				CLANG_WARN_RANGE_LOOP_ANALYSIS = YES;
				CLANG_WARN_STRICT_PROTOTYPES = YES;
				CLANG_WARN_SUSPICIOUS_MOVE = YES;
				CLANG_WARN_UNGUARDED_AVAILABILITY = YES_AGGRESSIVE;
				CLANG_WARN_UNREACHABLE_CODE = YES;
				CLANG_WARN__DUPLICATE_METHOD_MATCH = YES;
				COPY_PHASE_STRIP = NO;
				DEBUG_INFORMATION_FORMAT = dwarf;
				ENABLE_STRICT_OBJC_MSGSEND = YES;
				ENABLE_TESTABILITY = YES;
				GCC_C_LANGUAGE_STANDARD = gnu11;
				GCC_DYNAMIC_NO_PIC = NO;
				GCC_NO_COMMON_BLOCKS = YES;
				GCC_OPTIMIZATION_LEVEL = 0;
				GCC_PREPROCESSOR_DEFINITIONS = (
					"DEBUG=1",
					"$(inherited)",
				);
				GCC_WARN_64_TO_32_BIT_CONVERSION = YES;
				GCC_WARN_ABOUT_RETURN_TYPE = YES_ERROR;
				GCC_WARN_UNDECLARED_SELECTOR = YES;
				GCC_WARN_UNINITIALIZED_AUTOS = YES_AGGRESSIVE;
				GCC_WARN_UNUSED_FUNCTION = YES;
				GCC_WARN_UNUSED_VARIABLE = YES;
				IPHONEOS_DEPLOYMENT_TARGET = 15.0;
				MTL_ENABLE_DEBUG_INFO = INCLUDE_SOURCE;
				MTL_FAST_MATH = YES;
				ONLY_ACTIVE_ARCH = YES;
				SDKROOT = iphoneos;
				SWIFT_ACTIVE_COMPILATION_CONDITIONS = DEBUG;
				SWIFT_OPTIMIZATION_LEVEL = "-Onone";
				SWIFT_STRICT_CONCURRENCY = complete;
				SWIFT_VERSION = 5.0;
			};
			name = Debug;
		};
		17AC9F1028AA6BFE00DF8A2B /* Release */ = {
			isa = XCBuildConfiguration;
			buildSettings = {
				ALWAYS_SEARCH_USER_PATHS = NO;
				CLANG_ANALYZER_NONNULL = YES;
				CLANG_ANALYZER_NUMBER_OBJECT_CONVERSION = YES_AGGRESSIVE;
				CLANG_CXX_LANGUAGE_STANDARD = "gnu++17";
				CLANG_ENABLE_MODULES = YES;
				CLANG_ENABLE_OBJC_ARC = YES;
				CLANG_ENABLE_OBJC_WEAK = YES;
				CLANG_WARN_BLOCK_CAPTURE_AUTORELEASING = YES;
				CLANG_WARN_BOOL_CONVERSION = YES;
				CLANG_WARN_COMMA = YES;
				CLANG_WARN_CONSTANT_CONVERSION = YES;
				CLANG_WARN_DEPRECATED_OBJC_IMPLEMENTATIONS = YES;
				CLANG_WARN_DIRECT_OBJC_ISA_USAGE = YES_ERROR;
				CLANG_WARN_DOCUMENTATION_COMMENTS = YES;
				CLANG_WARN_EMPTY_BODY = YES;
				CLANG_WARN_ENUM_CONVERSION = YES;
				CLANG_WARN_INFINITE_RECURSION = YES;
				CLANG_WARN_INT_CONVERSION = YES;
				CLANG_WARN_NON_LITERAL_NULL_CONVERSION = YES;
				CLANG_WARN_OBJC_IMPLICIT_RETAIN_SELF = YES;
				CLANG_WARN_OBJC_LITERAL_CONVERSION = YES;
				CLANG_WARN_OBJC_ROOT_CLASS = YES_ERROR;
				CLANG_WARN_QUOTED_INCLUDE_IN_FRAMEWORK_HEADER = YES;
				CLANG_WARN_RANGE_LOOP_ANALYSIS = YES;
				CLANG_WARN_STRICT_PROTOTYPES = YES;
				CLANG_WARN_SUSPICIOUS_MOVE = YES;
				CLANG_WARN_UNGUARDED_AVAILABILITY = YES_AGGRESSIVE;
				CLANG_WARN_UNREACHABLE_CODE = YES;
				CLANG_WARN__DUPLICATE_METHOD_MATCH = YES;
				COPY_PHASE_STRIP = NO;
				DEBUG_INFORMATION_FORMAT = "dwarf-with-dsym";
				ENABLE_NS_ASSERTIONS = NO;
				ENABLE_STRICT_OBJC_MSGSEND = YES;
				GCC_C_LANGUAGE_STANDARD = gnu11;
				GCC_NO_COMMON_BLOCKS = YES;
				GCC_WARN_64_TO_32_BIT_CONVERSION = YES;
				GCC_WARN_ABOUT_RETURN_TYPE = YES_ERROR;
				GCC_WARN_UNDECLARED_SELECTOR = YES;
				GCC_WARN_UNINITIALIZED_AUTOS = YES_AGGRESSIVE;
				GCC_WARN_UNUSED_FUNCTION = YES;
				GCC_WARN_UNUSED_VARIABLE = YES;
				IPHONEOS_DEPLOYMENT_TARGET = 15.0;
				MTL_ENABLE_DEBUG_INFO = NO;
				MTL_FAST_MATH = YES;
				SDKROOT = iphoneos;
				SWIFT_COMPILATION_MODE = wholemodule;
				SWIFT_OPTIMIZATION_LEVEL = "-O";
				SWIFT_STRICT_CONCURRENCY = complete;
				SWIFT_VERSION = 5.0;
				VALIDATE_PRODUCT = YES;
			};
			name = Release;
		};
		17AC9F1228AA6BFE00DF8A2B /* Debug */ = {
			isa = XCBuildConfiguration;
			baseConfigurationReference = 896D900A605E8F7678378298 /* Pods-Settings_Example.debug.xcconfig */;
			buildSettings = {
				ASSETCATALOG_COMPILER_APPICON_NAME = AppIcon;
				ASSETCATALOG_COMPILER_GLOBAL_ACCENT_COLOR_NAME = AccentColor;
				CODE_SIGN_STYLE = Automatic;
				CURRENT_PROJECT_VERSION = 1;
				DEVELOPMENT_TEAM = MW2UF479VW;
				GENERATE_INFOPLIST_FILE = YES;
				INFOPLIST_FILE = Settings_Example/Resources/Info.plist;
				INFOPLIST_KEY_UIApplicationSupportsIndirectInputEvents = YES;
				INFOPLIST_KEY_UILaunchStoryboardName = LaunchScreen;
				INFOPLIST_KEY_UIMainStoryboardFile = Main;
				INFOPLIST_KEY_UISupportedInterfaceOrientations = "UIInterfaceOrientationPortrait UIInterfaceOrientationLandscapeLeft UIInterfaceOrientationLandscapeRight";
				INFOPLIST_KEY_UISupportedInterfaceOrientations_iPad = "UIInterfaceOrientationPortrait UIInterfaceOrientationPortraitUpsideDown UIInterfaceOrientationLandscapeLeft UIInterfaceOrientationLandscapeRight";
				INFOPLIST_KEY_UISupportedInterfaceOrientations_iPhone = "UIInterfaceOrientationPortrait UIInterfaceOrientationLandscapeLeft UIInterfaceOrientationLandscapeRight";
				LD_RUNPATH_SEARCH_PATHS = (
					"$(inherited)",
					"@executable_path/Frameworks",
				);
				MARKETING_VERSION = 1.0;
				PRODUCT_BUNDLE_IDENTIFIER = "com.shakuro.Settings-Example";
				PRODUCT_NAME = "$(TARGET_NAME)";
				SWIFT_EMIT_LOC_STRINGS = YES;
				TARGETED_DEVICE_FAMILY = "1,2";
			};
			name = Debug;
		};
		17AC9F1328AA6BFE00DF8A2B /* Release */ = {
			isa = XCBuildConfiguration;
			baseConfigurationReference = 29019CEFE6AFAB3689D69245 /* Pods-Settings_Example.release.xcconfig */;
			buildSettings = {
				ASSETCATALOG_COMPILER_APPICON_NAME = AppIcon;
				ASSETCATALOG_COMPILER_GLOBAL_ACCENT_COLOR_NAME = AccentColor;
				CODE_SIGN_STYLE = Automatic;
				CURRENT_PROJECT_VERSION = 1;
				DEVELOPMENT_TEAM = MW2UF479VW;
				GENERATE_INFOPLIST_FILE = YES;
				INFOPLIST_FILE = Settings_Example/Resources/Info.plist;
				INFOPLIST_KEY_UIApplicationSupportsIndirectInputEvents = YES;
				INFOPLIST_KEY_UILaunchStoryboardName = LaunchScreen;
				INFOPLIST_KEY_UIMainStoryboardFile = Main;
				INFOPLIST_KEY_UISupportedInterfaceOrientations = "UIInterfaceOrientationPortrait UIInterfaceOrientationLandscapeLeft UIInterfaceOrientationLandscapeRight";
				INFOPLIST_KEY_UISupportedInterfaceOrientations_iPad = "UIInterfaceOrientationPortrait UIInterfaceOrientationPortraitUpsideDown UIInterfaceOrientationLandscapeLeft UIInterfaceOrientationLandscapeRight";
				INFOPLIST_KEY_UISupportedInterfaceOrientations_iPhone = "UIInterfaceOrientationPortrait UIInterfaceOrientationLandscapeLeft UIInterfaceOrientationLandscapeRight";
				LD_RUNPATH_SEARCH_PATHS = (
					"$(inherited)",
					"@executable_path/Frameworks",
				);
				MARKETING_VERSION = 1.0;
				PRODUCT_BUNDLE_IDENTIFIER = "com.shakuro.Settings-Example";
				PRODUCT_NAME = "$(TARGET_NAME)";
				SWIFT_EMIT_LOC_STRINGS = YES;
				TARGETED_DEVICE_FAMILY = "1,2";
			};
			name = Release;
		};
/* End XCBuildConfiguration section */

/* Begin XCConfigurationList section */
		17AC9EF828AA6BFC00DF8A2B /* Build configuration list for PBXProject "Settings_Example" */ = {
			isa = XCConfigurationList;
			buildConfigurations = (
				17AC9F0F28AA6BFE00DF8A2B /* Debug */,
				17AC9F1028AA6BFE00DF8A2B /* Release */,
			);
			defaultConfigurationIsVisible = 0;
			defaultConfigurationName = Release;
		};
		17AC9F1128AA6BFE00DF8A2B /* Build configuration list for PBXNativeTarget "Settings_Example" */ = {
			isa = XCConfigurationList;
			buildConfigurations = (
				17AC9F1228AA6BFE00DF8A2B /* Debug */,
				17AC9F1328AA6BFE00DF8A2B /* Release */,
			);
			defaultConfigurationIsVisible = 0;
			defaultConfigurationName = Release;
		};
/* End XCConfigurationList section */
	};
	rootObject = 17AC9EF528AA6BFC00DF8A2B /* Project object */;
}
